
Microsoft Visual Studio Solution File, Format Version 12.00
# Visual Studio Version 17
VisualStudioVersion = 17.4.33213.308
MinimumVisualStudioVersion = 10.0.40219.1
Project("{FAE04EC0-301F-11D3-BF4B-00C04F79EFBC}") = "PracticeForInterview", "PracticeForInterview\PracticeForInterview.csproj", "{82A2CD78-7936-4321-BF1D-4ACB1550D9FB}"
EndProject
Global
	GlobalSection(SolutionConfigurationPlatforms) = preSolution
		Debug|Any CPU = Debug|Any CPU
		Release|Any CPU = Release|Any CPU
	EndGlobalSection
	GlobalSection(ProjectConfigurationPlatforms) = postSolution
		{82A2CD78-7936-4321-BF1D-4ACB1550D9FB}.Debug|Any CPU.ActiveCfg = Debug|Any CPU
		{82A2CD78-7936-4321-BF1D-4ACB1550D9FB}.Debug|Any CPU.Build.0 = Debug|Any CPU
		{82A2CD78-7936-4321-BF1D-4ACB1550D9FB}.Release|Any CPU.ActiveCfg = Release|Any CPU
		{82A2CD78-7936-4321-BF1D-4ACB1550D9FB}.Release|Any CPU.Build.0 = Release|Any CPU
	EndGlobalSection
	GlobalSection(SolutionProperties) = preSolution
		HideSolutionNode = FALSE
	EndGlobalSection
	GlobalSection(ExtensibilityGlobals) = postSolution
		SolutionGuid = {F454C89E-DB9C-4736-9A87-C4B8C6BD9FB0}
	EndGlobalSection
EndGlobal
