
Microsoft Visual Studio Solution File, Format Version 12.00
# Visual Studio Version 17
VisualStudioVersion = 17.2.32630.192
MinimumVisualStudioVersion = 10.0.40219.1
Project("{9A19103F-16F7-4668-BE54-9A1E7A4F7556}") = "DotNetAssignments", "DotNetAssignments\DotNetAssignments.csproj", "{6E6DE7D3-3B20-4D36-85B1-4BEB30079A97}"
EndProject
Project("{9A19103F-16F7-4668-BE54-9A1E7A4F7556}") = "SimpleCalculator", "SimpleCalculator\SimpleCalculator.csproj", "{90C06580-6121-478B-B4CB-769A7CE31BEE}"
EndProject
Project("{FAE04EC0-301F-11D3-BF4B-00C04F79EFBC}") = "LinqAssignments", "LinqAssignments\LinqAssignments.csproj", "{85123762-7211-4E42-BEB8-2C0E062B6A97}"
EndProject
Global
	GlobalSection(SolutionConfigurationPlatforms) = preSolution
		Debug|Any CPU = Debug|Any CPU
		Release|Any CPU = Release|Any CPU
	EndGlobalSection
	GlobalSection(ProjectConfigurationPlatforms) = postSolution
		{6E6DE7D3-3B20-4D36-85B1-4BEB30079A97}.Debug|Any CPU.ActiveCfg = Debug|Any CPU
		{6E6DE7D3-3B20-4D36-85B1-4BEB30079A97}.Debug|Any CPU.Build.0 = Debug|Any CPU
		{6E6DE7D3-3B20-4D36-85B1-4BEB30079A97}.Release|Any CPU.ActiveCfg = Release|Any CPU
		{6E6DE7D3-3B20-4D36-85B1-4BEB30079A97}.Release|Any CPU.Build.0 = Release|Any CPU
		{90C06580-6121-478B-B4CB-769A7CE31BEE}.Debug|Any CPU.ActiveCfg = Debug|Any CPU
		{90C06580-6121-478B-B4CB-769A7CE31BEE}.Debug|Any CPU.Build.0 = Debug|Any CPU
		{90C06580-6121-478B-B4CB-769A7CE31BEE}.Release|Any CPU.ActiveCfg = Release|Any CPU
		{90C06580-6121-478B-B4CB-769A7CE31BEE}.Release|Any CPU.Build.0 = Release|Any CPU
		{85123762-7211-4E42-BEB8-2C0E062B6A97}.Debug|Any CPU.ActiveCfg = Debug|Any CPU
		{85123762-7211-4E42-BEB8-2C0E062B6A97}.Debug|Any CPU.Build.0 = Debug|Any CPU
		{85123762-7211-4E42-BEB8-2C0E062B6A97}.Release|Any CPU.ActiveCfg = Release|Any CPU
		{85123762-7211-4E42-BEB8-2C0E062B6A97}.Release|Any CPU.Build.0 = Release|Any CPU
	EndGlobalSection
	GlobalSection(SolutionProperties) = preSolution
		HideSolutionNode = FALSE
	EndGlobalSection
	GlobalSection(ExtensibilityGlobals) = postSolution
		SolutionGuid = {2A97EC27-C739-458E-ACFB-A268C5D477DD}
	EndGlobalSection
EndGlobal
